// !$*UTF8*$!
{
	archiveVersion = 1;
	classes = {
	};
	objectVersion = 50;
	objects = {

/* Begin PBXBuildFile section */
		67708088268D4560002831E9 /* AppDelegate.swift in Sources */ = {isa = PBXBuildFile; fileRef = 67708087268D4560002831E9 /* AppDelegate.swift */; };
		6770808A268D4560002831E9 /* SceneDelegate.swift in Sources */ = {isa = PBXBuildFile; fileRef = 67708089268D4560002831E9 /* SceneDelegate.swift */; };
		6770808C268D4560002831E9 /* ViewController.swift in Sources */ = {isa = PBXBuildFile; fileRef = 6770808B268D4560002831E9 /* ViewController.swift */; };
		6770808F268D4560002831E9 /* Main.storyboard in Resources */ = {isa = PBXBuildFile; fileRef = 6770808D268D4560002831E9 /* Main.storyboard */; };
		67708092268D4560002831E9 /* Challenge.xcdatamodeld in Sources */ = {isa = PBXBuildFile; fileRef = 67708090268D4560002831E9 /* Challenge.xcdatamodeld */; };
		67708094268D4564002831E9 /* Assets.xcassets in Resources */ = {isa = PBXBuildFile; fileRef = 67708093268D4564002831E9 /* Assets.xcassets */; };
		67708097268D4564002831E9 /* LaunchScreen.storyboard in Resources */ = {isa = PBXBuildFile; fileRef = 67708095268D4564002831E9 /* LaunchScreen.storyboard */; };
		677080A1268D4648002831E9 /* Screen Shot 2021-06-30 at 7.37.43 PM.png in Resources */ = {isa = PBXBuildFile; fileRef = 677080A0268D4648002831E9 /* Screen Shot 2021-06-30 at 7.37.43 PM.png */; };
		677080A5268D4A0E002831E9 /* Double Wear.mov in Resources */ = {isa = PBXBuildFile; fileRef = 677080A4268D4A0E002831E9 /* Double Wear.mov */; };
		677080A7268D4E76002831E9 /* Screen Shot 2021-06-30 at 8.14.13 PM.png in Resources */ = {isa = PBXBuildFile; fileRef = 677080A6268D4E75002831E9 /* Screen Shot 2021-06-30 at 8.14.13 PM.png */; };
		677080CC268DE57A002831E9 /* Screen Shot 2021-07-01 at 6.44.52 AM.png in Resources */ = {isa = PBXBuildFile; fileRef = 677080CB268DE57A002831E9 /* Screen Shot 2021-07-01 at 6.44.52 AM.png */; };
		677080CE268DE580002831E9 /* Screen Shot 2021-07-01 at 6.45.05 AM.png in Resources */ = {isa = PBXBuildFile; fileRef = 677080CD268DE580002831E9 /* Screen Shot 2021-07-01 at 6.45.05 AM.png */; };
		677080D0268DE585002831E9 /* Screen Shot 2021-07-01 at 6.53.10 AM.png in Resources */ = {isa = PBXBuildFile; fileRef = 677080CF268DE585002831E9 /* Screen Shot 2021-07-01 at 6.53.10 AM.png */; };
		677080D2268DE958002831E9 /* Screen Shot 2021-07-01 at 7.12.43 AM.png in Resources */ = {isa = PBXBuildFile; fileRef = 677080D1268DE958002831E9 /* Screen Shot 2021-07-01 at 7.12.43 AM.png */; };
		677080D4268DE961002831E9 /* Screen Shot 2021-07-01 at 7.13.42 AM.png in Resources */ = {isa = PBXBuildFile; fileRef = 677080D3268DE961002831E9 /* Screen Shot 2021-07-01 at 7.13.42 AM.png */; };
		677080D6268DEAA8002831E9 /* Screen Shot 2021-07-01 at 7.20.16 AM.png in Resources */ = {isa = PBXBuildFile; fileRef = 677080D5268DEAA8002831E9 /* Screen Shot 2021-07-01 at 7.20.16 AM.png */; };
		677080D8268DEAB3002831E9 /* Screen Shot 2021-07-01 at 7.20.27 AM.png in Resources */ = {isa = PBXBuildFile; fileRef = 677080D7268DEAB2002831E9 /* Screen Shot 2021-07-01 at 7.20.27 AM.png */; };
		677080DA268DEAB8002831E9 /* Screen Shot 2021-07-01 at 7.20.35 AM.png in Resources */ = {isa = PBXBuildFile; fileRef = 677080D9268DEAB8002831E9 /* Screen Shot 2021-07-01 at 7.20.35 AM.png */; };
		677080EF268DEFEF002831E9 /* EL_7.jpg in Resources */ = {isa = PBXBuildFile; fileRef = 677080DB268DEFEC002831E9 /* EL_7.jpg */; };
		677080F0268DEFEF002831E9 /* EL_22.jpg in Resources */ = {isa = PBXBuildFile; fileRef = 677080DC268DEFED002831E9 /* EL_22.jpg */; };
		677080F1268DEFEF002831E9 /* EL_21.jpg in Resources */ = {isa = PBXBuildFile; fileRef = 677080DD268DEFED002831E9 /* EL_21.jpg */; };
		677080F2268DEFEF002831E9 /* EL_3.jpg in Resources */ = {isa = PBXBuildFile; fileRef = 677080DE268DEFED002831E9 /* EL_3.jpg */; };
		677080F3268DEFEF002831E9 /* EL_13.jpg in Resources */ = {isa = PBXBuildFile; fileRef = 677080DF268DEFED002831E9 /* EL_13.jpg */; };
		677080F4268DEFEF002831E9 /* EL_23.jpg in Resources */ = {isa = PBXBuildFile; fileRef = 677080E0268DEFED002831E9 /* EL_23.jpg */; };
		677080F5268DEFEF002831E9 /* EL_9.jpg in Resources */ = {isa = PBXBuildFile; fileRef = 677080E1268DEFEE002831E9 /* EL_9.jpg */; };
		677080F6268DEFEF002831E9 /* EL_10.jpg in Resources */ = {isa = PBXBuildFile; fileRef = 677080E2268DEFEE002831E9 /* EL_10.jpg */; };
		677080F7268DEFEF002831E9 /* EL_16.jpg in Resources */ = {isa = PBXBuildFile; fileRef = 677080E3268DEFEE002831E9 /* EL_16.jpg */; };
		677080F8268DEFEF002831E9 /* EL_15.jpg in Resources */ = {isa = PBXBuildFile; fileRef = 677080E4268DEFEE002831E9 /* EL_15.jpg */; };
		677080F9268DEFEF002831E9 /* EL_8 (1).jpg in Resources */ = {isa = PBXBuildFile; fileRef = 677080E5268DEFEE002831E9 /* EL_8 (1).jpg */; };
		677080FA268DEFEF002831E9 /* EL_26.jpg in Resources */ = {isa = PBXBuildFile; fileRef = 677080E6268DEFEE002831E9 /* EL_26.jpg */; };
		677080FB268DEFEF002831E9 /* EL_29.jpg in Resources */ = {isa = PBXBuildFile; fileRef = 677080E7268DEFEE002831E9 /* EL_29.jpg */; };
		677080FC268DEFEF002831E9 /* EL_2.jpg in Resources */ = {isa = PBXBuildFile; fileRef = 677080E8268DEFEE002831E9 /* EL_2.jpg */; };
		677080FD268DEFEF002831E9 /* EL_20.jpg in Resources */ = {isa = PBXBuildFile; fileRef = 677080E9268DEFEE002831E9 /* EL_20.jpg */; };
		677080FE268DEFEF002831E9 /* EL_1.jpg in Resources */ = {isa = PBXBuildFile; fileRef = 677080EA268DEFEE002831E9 /* EL_1.jpg */; };
		677080FF268DEFEF002831E9 /* EL_27.jpg in Resources */ = {isa = PBXBuildFile; fileRef = 677080EB268DEFEE002831E9 /* EL_27.jpg */; };
		67708100268DEFEF002831E9 /* EL_28.jpg in Resources */ = {isa = PBXBuildFile; fileRef = 677080EC268DEFEE002831E9 /* EL_28.jpg */; };
		67708101268DEFEF002831E9 /* EL_4.jpg in Resources */ = {isa = PBXBuildFile; fileRef = 677080ED268DEFEE002831E9 /* EL_4.jpg */; };
		67708102268DEFEF002831E9 /* EL_17.jpg in Resources */ = {isa = PBXBuildFile; fileRef = 677080EE268DEFEE002831E9 /* EL_17.jpg */; };
		6770810B268DEFFD002831E9 /* EL_25.jpg in Resources */ = {isa = PBXBuildFile; fileRef = 67708103268DEFFC002831E9 /* EL_25.jpg */; };
		6770810C268DEFFD002831E9 /* EL_5.jpg in Resources */ = {isa = PBXBuildFile; fileRef = 67708104268DEFFC002831E9 /* EL_5.jpg */; };
		6770810D268DEFFD002831E9 /* EL_12.jpg in Resources */ = {isa = PBXBuildFile; fileRef = 67708105268DEFFD002831E9 /* EL_12.jpg */; };
		6770810E268DEFFD002831E9 /* EL_6.jpg in Resources */ = {isa = PBXBuildFile; fileRef = 67708106268DEFFD002831E9 /* EL_6.jpg */; };
		6770810F268DEFFD002831E9 /* EL_11.jpg in Resources */ = {isa = PBXBuildFile; fileRef = 67708107268DEFFD002831E9 /* EL_11.jpg */; };
		67708110268DEFFD002831E9 /* EL_18.jpg in Resources */ = {isa = PBXBuildFile; fileRef = 67708108268DEFFD002831E9 /* EL_18.jpg */; };
		67708111268DEFFD002831E9 /* EL_24.jpg in Resources */ = {isa = PBXBuildFile; fileRef = 67708109268DEFFD002831E9 /* EL_24.jpg */; };
		67708112268DEFFD002831E9 /* EL_19.jpg in Resources */ = {isa = PBXBuildFile; fileRef = 6770810A268DEFFD002831E9 /* EL_19.jpg */; };
		67708114268DF23F002831E9 /* Screen Shot 2021-07-01 at 7.53.06 AM.png in Resources */ = {isa = PBXBuildFile; fileRef = 67708113268DF23F002831E9 /* Screen Shot 2021-07-01 at 7.53.06 AM.png */; };
		6770811E268DF480002831E9 /* Screen_Shot_2021-07-01_at_8.01.36_AM-removebg-preview.png in Resources */ = {isa = PBXBuildFile; fileRef = 6770811D268DF480002831E9 /* Screen_Shot_2021-07-01_at_8.01.36_AM-removebg-preview.png */; };
		67708120268DF549002831E9 /* Screen_Shot_2021-07-01_at_8.05.45_AM-removebg-preview.png in Resources */ = {isa = PBXBuildFile; fileRef = 6770811F268DF549002831E9 /* Screen_Shot_2021-07-01_at_8.05.45_AM-removebg-preview.png */; };
		67708125268DF5D8002831E9 /* Screen_Shot_2021-07-01_at_8.05.45_AM-removebg-preview.png in Resources */ = {isa = PBXBuildFile; fileRef = 67708121268DF5D8002831E9 /* Screen_Shot_2021-07-01_at_8.05.45_AM-removebg-preview.png */; };
		67708126268DF5D8002831E9 /* Screen_Shot_2021-07-01_at_8.05.45_AM-removebg-preview copy 3.png in Resources */ = {isa = PBXBuildFile; fileRef = 67708122268DF5D8002831E9 /* Screen_Shot_2021-07-01_at_8.05.45_AM-removebg-preview copy 3.png */; };
		67708127268DF5D8002831E9 /* Screen_Shot_2021-07-01_at_8.05.45_AM-removebg-preview copy.png in Resources */ = {isa = PBXBuildFile; fileRef = 67708123268DF5D8002831E9 /* Screen_Shot_2021-07-01_at_8.05.45_AM-removebg-preview copy.png */; };
		67708128268DF5D8002831E9 /* Screen_Shot_2021-07-01_at_8.05.45_AM-removebg-preview copy 2.png in Resources */ = {isa = PBXBuildFile; fileRef = 67708124268DF5D8002831E9 /* Screen_Shot_2021-07-01_at_8.05.45_AM-removebg-preview copy 2.png */; };
		6770812C268E0136002831E9 /* Screen Shot 2021-07-01 at 8.56.27 AM.png in Resources */ = {isa = PBXBuildFile; fileRef = 67708129268E0133002831E9 /* Screen Shot 2021-07-01 at 8.56.27 AM.png */; };
		6770812D268E0137002831E9 /* Screen Shot 2021-07-01 at 8.56.38 AM.png in Resources */ = {isa = PBXBuildFile; fileRef = 6770812A268E0133002831E9 /* Screen Shot 2021-07-01 at 8.56.38 AM.png */; };
		6770812E268E0137002831E9 /* Screen Shot 2021-07-01 at 8.56.22 AM.png in Resources */ = {isa = PBXBuildFile; fileRef = 6770812B268E0133002831E9 /* Screen Shot 2021-07-01 at 8.56.22 AM.png */; };
		67708130268E0250002831E9 /* Screen Shot 2021-07-01 at 9.01.41 AM.png in Resources */ = {isa = PBXBuildFile; fileRef = 6770812F268E0250002831E9 /* Screen Shot 2021-07-01 at 9.01.41 AM.png */; };
		6770816A268E404C002831E9 /* ViewControllerView.swift in Sources */ = {isa = PBXBuildFile; fileRef = 67708164268E404B002831E9 /* ViewControllerView.swift */; };
		6770816B268E404C002831E9 /* ViewControllerHome.swift in Sources */ = {isa = PBXBuildFile; fileRef = 67708165268E404B002831E9 /* ViewControllerHome.swift */; };
		6770816C268E404C002831E9 /* ViewControllerExplore.swift in Sources */ = {isa = PBXBuildFile; fileRef = 67708166268E404B002831E9 /* ViewControllerExplore.swift */; };
		67708170268E4408002831E9 /* ViewControllerLife.swift in Sources */ = {isa = PBXBuildFile; fileRef = 6770816F268E4408002831E9 /* ViewControllerLife.swift */; };
		67708176268E683F002831E9 /* ViewCntrollerQuizzes.swift in Sources */ = {isa = PBXBuildFile; fileRef = 67708173268E683E002831E9 /* ViewCntrollerQuizzes.swift */; };
		67708177268E683F002831E9 /* VIewControllerQuiz.swift in Sources */ = {isa = PBXBuildFile; fileRef = 67708174268E683E002831E9 /* VIewControllerQuiz.swift */; };
		67708178268E683F002831E9 /* ViewControllerQuizza.swift in Sources */ = {isa = PBXBuildFile; fileRef = 67708175268E683F002831E9 /* ViewControllerQuizza.swift */; };
/* End PBXBuildFile section */

/* Begin PBXFileReference section */
		67708084268D4560002831E9 /* Challenge.app */ = {isa = PBXFileReference; explicitFileType = wrapper.application; includeInIndex = 0; path = Challenge.app; sourceTree = BUILT_PRODUCTS_DIR; };
		67708087268D4560002831E9 /* AppDelegate.swift */ = {isa = PBXFileReference; lastKnownFileType = sourcecode.swift; path = AppDelegate.swift; sourceTree = "<group>"; };
		67708089268D4560002831E9 /* SceneDelegate.swift */ = {isa = PBXFileReference; lastKnownFileType = sourcecode.swift; path = SceneDelegate.swift; sourceTree = "<group>"; };
		6770808B268D4560002831E9 /* ViewController.swift */ = {isa = PBXFileReference; lastKnownFileType = sourcecode.swift; path = ViewController.swift; sourceTree = "<group>"; };
		6770808E268D4560002831E9 /* Base */ = {isa = PBXFileReference; lastKnownFileType = file.storyboard; name = Base; path = Base.lproj/Main.storyboard; sourceTree = "<group>"; };
		67708091268D4560002831E9 /* Challenge.xcdatamodel */ = {isa = PBXFileReference; lastKnownFileType = wrapper.xcdatamodel; path = Challenge.xcdatamodel; sourceTree = "<group>"; };
		67708093268D4564002831E9 /* Assets.xcassets */ = {isa = PBXFileReference; lastKnownFileType = folder.assetcatalog; path = Assets.xcassets; sourceTree = "<group>"; };
		67708096268D4564002831E9 /* Base */ = {isa = PBXFileReference; lastKnownFileType = file.storyboard; name = Base; path = Base.lproj/LaunchScreen.storyboard; sourceTree = "<group>"; };
		67708098268D4564002831E9 /* Info.plist */ = {isa = PBXFileReference; lastKnownFileType = text.plist.xml; path = Info.plist; sourceTree = "<group>"; };
		677080A0268D4648002831E9 /* Screen Shot 2021-06-30 at 7.37.43 PM.png */ = {isa = PBXFileReference; lastKnownFileType = image.png; name = "Screen Shot 2021-06-30 at 7.37.43 PM.png"; path = "../../Screen Shot 2021-06-30 at 7.37.43 PM.png"; sourceTree = "<group>"; };
		677080A4268D4A0E002831E9 /* Double Wear.mov */ = {isa = PBXFileReference; lastKnownFileType = video.quicktime; name = "Double Wear.mov"; path = "../../Double Wear.mov"; sourceTree = "<group>"; };
		677080A6268D4E75002831E9 /* Screen Shot 2021-06-30 at 8.14.13 PM.png */ = {isa = PBXFileReference; lastKnownFileType = image.png; name = "Screen Shot 2021-06-30 at 8.14.13 PM.png"; path = "../../Screen Shot 2021-06-30 at 8.14.13 PM.png"; sourceTree = "<group>"; };
		677080CB268DE57A002831E9 /* Screen Shot 2021-07-01 at 6.44.52 AM.png */ = {isa = PBXFileReference; lastKnownFileType = image.png; name = "Screen Shot 2021-07-01 at 6.44.52 AM.png"; path = "../../Screen Shot 2021-07-01 at 6.44.52 AM.png"; sourceTree = "<group>"; };
		677080CD268DE580002831E9 /* Screen Shot 2021-07-01 at 6.45.05 AM.png */ = {isa = PBXFileReference; lastKnownFileType = image.png; name = "Screen Shot 2021-07-01 at 6.45.05 AM.png"; path = "../../Screen Shot 2021-07-01 at 6.45.05 AM.png"; sourceTree = "<group>"; };
		677080CF268DE585002831E9 /* Screen Shot 2021-07-01 at 6.53.10 AM.png */ = {isa = PBXFileReference; lastKnownFileType = image.png; name = "Screen Shot 2021-07-01 at 6.53.10 AM.png"; path = "../../Screen Shot 2021-07-01 at 6.53.10 AM.png"; sourceTree = "<group>"; };
		677080D1268DE958002831E9 /* Screen Shot 2021-07-01 at 7.12.43 AM.png */ = {isa = PBXFileReference; lastKnownFileType = image.png; name = "Screen Shot 2021-07-01 at 7.12.43 AM.png"; path = "../../Screen Shot 2021-07-01 at 7.12.43 AM.png"; sourceTree = "<group>"; };
		677080D3268DE961002831E9 /* Screen Shot 2021-07-01 at 7.13.42 AM.png */ = {isa = PBXFileReference; lastKnownFileType = image.png; name = "Screen Shot 2021-07-01 at 7.13.42 AM.png"; path = "../../Screen Shot 2021-07-01 at 7.13.42 AM.png"; sourceTree = "<group>"; };
		677080D5268DEAA8002831E9 /* Screen Shot 2021-07-01 at 7.20.16 AM.png */ = {isa = PBXFileReference; lastKnownFileType = image.png; name = "Screen Shot 2021-07-01 at 7.20.16 AM.png"; path = "../../Screen Shot 2021-07-01 at 7.20.16 AM.png"; sourceTree = "<group>"; };
		677080D7268DEAB2002831E9 /* Screen Shot 2021-07-01 at 7.20.27 AM.png */ = {isa = PBXFileReference; lastKnownFileType = image.png; name = "Screen Shot 2021-07-01 at 7.20.27 AM.png"; path = "../../Screen Shot 2021-07-01 at 7.20.27 AM.png"; sourceTree = "<group>"; };
		677080D9268DEAB8002831E9 /* Screen Shot 2021-07-01 at 7.20.35 AM.png */ = {isa = PBXFileReference; lastKnownFileType = image.png; name = "Screen Shot 2021-07-01 at 7.20.35 AM.png"; path = "../../Screen Shot 2021-07-01 at 7.20.35 AM.png"; sourceTree = "<group>"; };
		677080DB268DEFEC002831E9 /* EL_7.jpg */ = {isa = PBXFileReference; lastKnownFileType = image.jpeg; name = EL_7.jpg; path = ../../EL_7.jpg; sourceTree = "<group>"; };
		677080DC268DEFED002831E9 /* EL_22.jpg */ = {isa = PBXFileReference; lastKnownFileType = image.jpeg; name = EL_22.jpg; path = ../../EL_22.jpg; sourceTree = "<group>"; };
		677080DD268DEFED002831E9 /* EL_21.jpg */ = {isa = PBXFileReference; lastKnownFileType = image.jpeg; name = EL_21.jpg; path = ../../EL_21.jpg; sourceTree = "<group>"; };
		677080DE268DEFED002831E9 /* EL_3.jpg */ = {isa = PBXFileReference; lastKnownFileType = image.jpeg; name = EL_3.jpg; path = ../../EL_3.jpg; sourceTree = "<group>"; };
		677080DF268DEFED002831E9 /* EL_13.jpg */ = {isa = PBXFileReference; lastKnownFileType = image.jpeg; name = EL_13.jpg; path = ../../EL_13.jpg; sourceTree = "<group>"; };
		677080E0268DEFED002831E9 /* EL_23.jpg */ = {isa = PBXFileReference; lastKnownFileType = image.jpeg; name = EL_23.jpg; path = ../../EL_23.jpg; sourceTree = "<group>"; };
		677080E1268DEFEE002831E9 /* EL_9.jpg */ = {isa = PBXFileReference; lastKnownFileType = image.jpeg; name = EL_9.jpg; path = ../../EL_9.jpg; sourceTree = "<group>"; };
		677080E2268DEFEE002831E9 /* EL_10.jpg */ = {isa = PBXFileReference; lastKnownFileType = image.jpeg; name = EL_10.jpg; path = ../../EL_10.jpg; sourceTree = "<group>"; };
		677080E3268DEFEE002831E9 /* EL_16.jpg */ = {isa = PBXFileReference; lastKnownFileType = image.jpeg; name = EL_16.jpg; path = ../../EL_16.jpg; sourceTree = "<group>"; };
		677080E4268DEFEE002831E9 /* EL_15.jpg */ = {isa = PBXFileReference; lastKnownFileType = image.jpeg; name = EL_15.jpg; path = ../../EL_15.jpg; sourceTree = "<group>"; };
		677080E5268DEFEE002831E9 /* EL_8 (1).jpg */ = {isa = PBXFileReference; lastKnownFileType = image.jpeg; name = "EL_8 (1).jpg"; path = "../../EL_8 (1).jpg"; sourceTree = "<group>"; };
		677080E6268DEFEE002831E9 /* EL_26.jpg */ = {isa = PBXFileReference; lastKnownFileType = image.jpeg; name = EL_26.jpg; path = ../../EL_26.jpg; sourceTree = "<group>"; };
		677080E7268DEFEE002831E9 /* EL_29.jpg */ = {isa = PBXFileReference; lastKnownFileType = image.jpeg; name = EL_29.jpg; path = ../../EL_29.jpg; sourceTree = "<group>"; };
		677080E8268DEFEE002831E9 /* EL_2.jpg */ = {isa = PBXFileReference; lastKnownFileType = image.jpeg; name = EL_2.jpg; path = ../../EL_2.jpg; sourceTree = "<group>"; };
		677080E9268DEFEE002831E9 /* EL_20.jpg */ = {isa = PBXFileReference; lastKnownFileType = image.jpeg; name = EL_20.jpg; path = ../../EL_20.jpg; sourceTree = "<group>"; };
		677080EA268DEFEE002831E9 /* EL_1.jpg */ = {isa = PBXFileReference; lastKnownFileType = image.jpeg; name = EL_1.jpg; path = ../../EL_1.jpg; sourceTree = "<group>"; };
		677080EB268DEFEE002831E9 /* EL_27.jpg */ = {isa = PBXFileReference; lastKnownFileType = image.jpeg; name = EL_27.jpg; path = ../../EL_27.jpg; sourceTree = "<group>"; };
		677080EC268DEFEE002831E9 /* EL_28.jpg */ = {isa = PBXFileReference; lastKnownFileType = image.jpeg; name = EL_28.jpg; path = ../../EL_28.jpg; sourceTree = "<group>"; };
		677080ED268DEFEE002831E9 /* EL_4.jpg */ = {isa = PBXFileReference; lastKnownFileType = image.jpeg; name = EL_4.jpg; path = ../../EL_4.jpg; sourceTree = "<group>"; };
		677080EE268DEFEE002831E9 /* EL_17.jpg */ = {isa = PBXFileReference; lastKnownFileType = image.jpeg; name = EL_17.jpg; path = ../../EL_17.jpg; sourceTree = "<group>"; };
		67708103268DEFFC002831E9 /* EL_25.jpg */ = {isa = PBXFileReference; lastKnownFileType = image.jpeg; name = EL_25.jpg; path = ../../EL_25.jpg; sourceTree = "<group>"; };
		67708104268DEFFC002831E9 /* EL_5.jpg */ = {isa = PBXFileReference; lastKnownFileType = image.jpeg; name = EL_5.jpg; path = ../../EL_5.jpg; sourceTree = "<group>"; };
		67708105268DEFFD002831E9 /* EL_12.jpg */ = {isa = PBXFileReference; lastKnownFileType = image.jpeg; name = EL_12.jpg; path = ../../EL_12.jpg; sourceTree = "<group>"; };
		67708106268DEFFD002831E9 /* EL_6.jpg */ = {isa = PBXFileReference; lastKnownFileType = image.jpeg; name = EL_6.jpg; path = ../../EL_6.jpg; sourceTree = "<group>"; };
		67708107268DEFFD002831E9 /* EL_11.jpg */ = {isa = PBXFileReference; lastKnownFileType = image.jpeg; name = EL_11.jpg; path = ../../EL_11.jpg; sourceTree = "<group>"; };
		67708108268DEFFD002831E9 /* EL_18.jpg */ = {isa = PBXFileReference; lastKnownFileType = image.jpeg; name = EL_18.jpg; path = ../../EL_18.jpg; sourceTree = "<group>"; };
		67708109268DEFFD002831E9 /* EL_24.jpg */ = {isa = PBXFileReference; lastKnownFileType = image.jpeg; name = EL_24.jpg; path = ../../EL_24.jpg; sourceTree = "<group>"; };
		6770810A268DEFFD002831E9 /* EL_19.jpg */ = {isa = PBXFileReference; lastKnownFileType = image.jpeg; name = EL_19.jpg; path = ../../EL_19.jpg; sourceTree = "<group>"; };
		67708113268DF23F002831E9 /* Screen Shot 2021-07-01 at 7.53.06 AM.png */ = {isa = PBXFileReference; lastKnownFileType = image.png; name = "Screen Shot 2021-07-01 at 7.53.06 AM.png"; path = "../../Screen Shot 2021-07-01 at 7.53.06 AM.png"; sourceTree = "<group>"; };
		6770811D268DF480002831E9 /* Screen_Shot_2021-07-01_at_8.01.36_AM-removebg-preview.png */ = {isa = PBXFileReference; lastKnownFileType = image.png; name = "Screen_Shot_2021-07-01_at_8.01.36_AM-removebg-preview.png"; path = "../../Screen_Shot_2021-07-01_at_8.01.36_AM-removebg-preview.png"; sourceTree = "<group>"; };
		6770811F268DF549002831E9 /* Screen_Shot_2021-07-01_at_8.05.45_AM-removebg-preview.png */ = {isa = PBXFileReference; lastKnownFileType = image.png; name = "Screen_Shot_2021-07-01_at_8.05.45_AM-removebg-preview.png"; path = "../../Screen_Shot_2021-07-01_at_8.05.45_AM-removebg-preview.png"; sourceTree = "<group>"; };
		67708121268DF5D8002831E9 /* Screen_Shot_2021-07-01_at_8.05.45_AM-removebg-preview.png */ = {isa = PBXFileReference; lastKnownFileType = image.png; name = "Screen_Shot_2021-07-01_at_8.05.45_AM-removebg-preview.png"; path = "../../Screen_Shot_2021-07-01_at_8.05.45_AM-removebg-preview.png"; sourceTree = "<group>"; };
		67708122268DF5D8002831E9 /* Screen_Shot_2021-07-01_at_8.05.45_AM-removebg-preview copy 3.png */ = {isa = PBXFileReference; lastKnownFileType = image.png; name = "Screen_Shot_2021-07-01_at_8.05.45_AM-removebg-preview copy 3.png"; path = "../../Screen_Shot_2021-07-01_at_8.05.45_AM-removebg-preview copy 3.png"; sourceTree = "<group>"; };
		67708123268DF5D8002831E9 /* Screen_Shot_2021-07-01_at_8.05.45_AM-removebg-preview copy.png */ = {isa = PBXFileReference; lastKnownFileType = image.png; name = "Screen_Shot_2021-07-01_at_8.05.45_AM-removebg-preview copy.png"; path = "../../Screen_Shot_2021-07-01_at_8.05.45_AM-removebg-preview copy.png"; sourceTree = "<group>"; };
		67708124268DF5D8002831E9 /* Screen_Shot_2021-07-01_at_8.05.45_AM-removebg-preview copy 2.png */ = {isa = PBXFileReference; lastKnownFileType = image.png; name = "Screen_Shot_2021-07-01_at_8.05.45_AM-removebg-preview copy 2.png"; path = "../../Screen_Shot_2021-07-01_at_8.05.45_AM-removebg-preview copy 2.png"; sourceTree = "<group>"; };
		67708129268E0133002831E9 /* Screen Shot 2021-07-01 at 8.56.27 AM.png */ = {isa = PBXFileReference; lastKnownFileType = image.png; name = "Screen Shot 2021-07-01 at 8.56.27 AM.png"; path = "../../Screen Shot 2021-07-01 at 8.56.27 AM.png"; sourceTree = "<group>"; };
		6770812A268E0133002831E9 /* Screen Shot 2021-07-01 at 8.56.38 AM.png */ = {isa = PBXFileReference; lastKnownFileType = image.png; name = "Screen Shot 2021-07-01 at 8.56.38 AM.png"; path = "../../Screen Shot 2021-07-01 at 8.56.38 AM.png"; sourceTree = "<group>"; };
		6770812B268E0133002831E9 /* Screen Shot 2021-07-01 at 8.56.22 AM.png */ = {isa = PBXFileReference; lastKnownFileType = image.png; name = "Screen Shot 2021-07-01 at 8.56.22 AM.png"; path = "../../Screen Shot 2021-07-01 at 8.56.22 AM.png"; sourceTree = "<group>"; };
		6770812F268E0250002831E9 /* Screen Shot 2021-07-01 at 9.01.41 AM.png */ = {isa = PBXFileReference; lastKnownFileType = image.png; name = "Screen Shot 2021-07-01 at 9.01.41 AM.png"; path = "../../Screen Shot 2021-07-01 at 9.01.41 AM.png"; sourceTree = "<group>"; };
		67708164268E404B002831E9 /* ViewControllerView.swift */ = {isa = PBXFileReference; fileEncoding = 4; lastKnownFileType = sourcecode.swift; path = ViewControllerView.swift; sourceTree = "<group>"; };
		67708165268E404B002831E9 /* ViewControllerHome.swift */ = {isa = PBXFileReference; fileEncoding = 4; lastKnownFileType = sourcecode.swift; path = ViewControllerHome.swift; sourceTree = "<group>"; };
		67708166268E404B002831E9 /* ViewControllerExplore.swift */ = {isa = PBXFileReference; fileEncoding = 4; lastKnownFileType = sourcecode.swift; path = ViewControllerExplore.swift; sourceTree = "<group>"; };
		6770816F268E4408002831E9 /* ViewControllerLife.swift */ = {isa = PBXFileReference; fileEncoding = 4; lastKnownFileType = sourcecode.swift; path = ViewControllerLife.swift; sourceTree = "<group>"; };
		67708173268E683E002831E9 /* ViewCntrollerQuizzes.swift */ = {isa = PBXFileReference; fileEncoding = 4; lastKnownFileType = sourcecode.swift; path = ViewCntrollerQuizzes.swift; sourceTree = "<group>"; };
		67708174268E683E002831E9 /* VIewControllerQuiz.swift */ = {isa = PBXFileReference; fileEncoding = 4; lastKnownFileType = sourcecode.swift; path = VIewControllerQuiz.swift; sourceTree = "<group>"; };
		67708175268E683F002831E9 /* ViewControllerQuizza.swift */ = {isa = PBXFileReference; fileEncoding = 4; lastKnownFileType = sourcecode.swift; path = ViewControllerQuizza.swift; sourceTree = "<group>"; };
/* End PBXFileReference section */

/* Begin PBXFrameworksBuildPhase section */
		67708081268D4560002831E9 /* Frameworks */ = {
			isa = PBXFrameworksBuildPhase;
			buildActionMask = 2147483647;
			files = (
			);
			runOnlyForDeploymentPostprocessing = 0;
		};
/* End PBXFrameworksBuildPhase section */

/* Begin PBXGroup section */
		6770807B268D4560002831E9 = {
			isa = PBXGroup;
			children = (
				67708086268D4560002831E9 /* Challenge */,
				67708085268D4560002831E9 /* Products */,
			);
			sourceTree = "<group>";
		};
		67708085268D4560002831E9 /* Products */ = {
			isa = PBXGroup;
			children = (
				67708084268D4560002831E9 /* Challenge.app */,
			);
			name = Products;
			sourceTree = "<group>";
		};
		67708086268D4560002831E9 /* Challenge */ = {
			isa = PBXGroup;
			children = (
				67708087268D4560002831E9 /* AppDelegate.swift */,
				67708089268D4560002831E9 /* SceneDelegate.swift */,
				6770808B268D4560002831E9 /* ViewController.swift */,
				6770808D268D4560002831E9 /* Main.storyboard */,
				67708166268E404B002831E9 /* ViewControllerExplore.swift */,
				6770816F268E4408002831E9 /* ViewControllerLife.swift */,
				67708165268E404B002831E9 /* ViewControllerHome.swift */,
				67708173268E683E002831E9 /* ViewCntrollerQuizzes.swift */,
				67708174268E683E002831E9 /* VIewControllerQuiz.swift */,
				67708175268E683F002831E9 /* ViewControllerQuizza.swift */,
				67708164268E404B002831E9 /* ViewControllerView.swift */,
				67708093268D4564002831E9 /* Assets.xcassets */,
				6770812F268E0250002831E9 /* Screen Shot 2021-07-01 at 9.01.41 AM.png */,
				6770812B268E0133002831E9 /* Screen Shot 2021-07-01 at 8.56.22 AM.png */,
				67708129268E0133002831E9 /* Screen Shot 2021-07-01 at 8.56.27 AM.png */,
				6770812A268E0133002831E9 /* Screen Shot 2021-07-01 at 8.56.38 AM.png */,
				67708124268DF5D8002831E9 /* Screen_Shot_2021-07-01_at_8.05.45_AM-removebg-preview copy 2.png */,
				67708122268DF5D8002831E9 /* Screen_Shot_2021-07-01_at_8.05.45_AM-removebg-preview copy 3.png */,
				67708123268DF5D8002831E9 /* Screen_Shot_2021-07-01_at_8.05.45_AM-removebg-preview copy.png */,
				6770811F268DF549002831E9 /* Screen_Shot_2021-07-01_at_8.05.45_AM-removebg-preview.png */,
				67708121268DF5D8002831E9 /* Screen_Shot_2021-07-01_at_8.05.45_AM-removebg-preview.png */,
				6770811D268DF480002831E9 /* Screen_Shot_2021-07-01_at_8.01.36_AM-removebg-preview.png */,
				677080EA268DEFEE002831E9 /* EL_1.jpg */,
				677080E8268DEFEE002831E9 /* EL_2.jpg */,
				677080DE268DEFED002831E9 /* EL_3.jpg */,
				677080ED268DEFEE002831E9 /* EL_4.jpg */,
				677080DB268DEFEC002831E9 /* EL_7.jpg */,
				67708113268DF23F002831E9 /* Screen Shot 2021-07-01 at 7.53.06 AM.png */,
				677080E5268DEFEE002831E9 /* EL_8 (1).jpg */,
				677080E1268DEFEE002831E9 /* EL_9.jpg */,
				677080E2268DEFEE002831E9 /* EL_10.jpg */,
				677080DF268DEFED002831E9 /* EL_13.jpg */,
				677080E4268DEFEE002831E9 /* EL_15.jpg */,
				677080E3268DEFEE002831E9 /* EL_16.jpg */,
				677080EE268DEFEE002831E9 /* EL_17.jpg */,
				677080E9268DEFEE002831E9 /* EL_20.jpg */,
				677080DD268DEFED002831E9 /* EL_21.jpg */,
				677080DC268DEFED002831E9 /* EL_22.jpg */,
				677080E0268DEFED002831E9 /* EL_23.jpg */,
				677080E6268DEFEE002831E9 /* EL_26.jpg */,
				677080EB268DEFEE002831E9 /* EL_27.jpg */,
				677080EC268DEFEE002831E9 /* EL_28.jpg */,
				677080E7268DEFEE002831E9 /* EL_29.jpg */,
				67708104268DEFFC002831E9 /* EL_5.jpg */,
				67708106268DEFFD002831E9 /* EL_6.jpg */,
				67708107268DEFFD002831E9 /* EL_11.jpg */,
				67708105268DEFFD002831E9 /* EL_12.jpg */,
				67708108268DEFFD002831E9 /* EL_18.jpg */,
				6770810A268DEFFD002831E9 /* EL_19.jpg */,
				67708109268DEFFD002831E9 /* EL_24.jpg */,
				67708103268DEFFC002831E9 /* EL_25.jpg */,
				677080D9268DEAB8002831E9 /* Screen Shot 2021-07-01 at 7.20.35 AM.png */,
				677080D7268DEAB2002831E9 /* Screen Shot 2021-07-01 at 7.20.27 AM.png */,
				677080D5268DEAA8002831E9 /* Screen Shot 2021-07-01 at 7.20.16 AM.png */,
				677080D3268DE961002831E9 /* Screen Shot 2021-07-01 at 7.13.42 AM.png */,
				677080D1268DE958002831E9 /* Screen Shot 2021-07-01 at 7.12.43 AM.png */,
				677080CF268DE585002831E9 /* Screen Shot 2021-07-01 at 6.53.10 AM.png */,
				677080CD268DE580002831E9 /* Screen Shot 2021-07-01 at 6.45.05 AM.png */,
				677080A0268D4648002831E9 /* Screen Shot 2021-06-30 at 7.37.43 PM.png */,
				677080A6268D4E75002831E9 /* Screen Shot 2021-06-30 at 8.14.13 PM.png */,
				677080CB268DE57A002831E9 /* Screen Shot 2021-07-01 at 6.44.52 AM.png */,
				677080A4268D4A0E002831E9 /* Double Wear.mov */,
				67708095268D4564002831E9 /* LaunchScreen.storyboard */,
				67708098268D4564002831E9 /* Info.plist */,
				67708090268D4560002831E9 /* Challenge.xcdatamodeld */,
			);
			path = Challenge;
			sourceTree = "<group>";
		};
/* End PBXGroup section */

/* Begin PBXNativeTarget section */
		67708083268D4560002831E9 /* Challenge */ = {
			isa = PBXNativeTarget;
			buildConfigurationList = 6770809B268D4564002831E9 /* Build configuration list for PBXNativeTarget "Challenge" */;
			buildPhases = (
				67708080268D4560002831E9 /* Sources */,
				67708081268D4560002831E9 /* Frameworks */,
				67708082268D4560002831E9 /* Resources */,
			);
			buildRules = (
			);
			dependencies = (
			);
			name = Challenge;
			productName = Challenge;
			productReference = 67708084268D4560002831E9 /* Challenge.app */;
			productType = "com.apple.product-type.application";
		};
/* End PBXNativeTarget section */

/* Begin PBXProject section */
		6770807C268D4560002831E9 /* Project object */ = {
			isa = PBXProject;
			attributes = {
				LastSwiftUpdateCheck = 1250;
				LastUpgradeCheck = 1250;
				TargetAttributes = {
					67708083268D4560002831E9 = {
						CreatedOnToolsVersion = 12.5.1;
					};
				};
			};
			buildConfigurationList = 6770807F268D4560002831E9 /* Build configuration list for PBXProject "Challenge" */;
			compatibilityVersion = "Xcode 9.3";
			developmentRegion = en;
			hasScannedForEncodings = 0;
			knownRegions = (
				en,
				Base,
			);
			mainGroup = 6770807B268D4560002831E9;
			productRefGroup = 67708085268D4560002831E9 /* Products */;
			projectDirPath = "";
			projectRoot = "";
			targets = (
				67708083268D4560002831E9 /* Challenge */,
			);
		};
/* End PBXProject section */

/* Begin PBXResourcesBuildPhase section */
		67708082268D4560002831E9 /* Resources */ = {
			isa = PBXResourcesBuildPhase;
			buildActionMask = 2147483647;
			files = (
				6770812D268E0137002831E9 /* Screen Shot 2021-07-01 at 8.56.38 AM.png in Resources */,
				677080A7268D4E76002831E9 /* Screen Shot 2021-06-30 at 8.14.13 PM.png in Resources */,
				67708097268D4564002831E9 /* LaunchScreen.storyboard in Resources */,
				677080FE268DEFEF002831E9 /* EL_1.jpg in Resources */,
				67708128268DF5D8002831E9 /* Screen_Shot_2021-07-01_at_8.05.45_AM-removebg-preview copy 2.png in Resources */,
				67708114268DF23F002831E9 /* Screen Shot 2021-07-01 at 7.53.06 AM.png in Resources */,
				67708127268DF5D8002831E9 /* Screen_Shot_2021-07-01_at_8.05.45_AM-removebg-preview copy.png in Resources */,
				677080FA268DEFEF002831E9 /* EL_26.jpg in Resources */,
				677080F2268DEFEF002831E9 /* EL_3.jpg in Resources */,
				6770810E268DEFFD002831E9 /* EL_6.jpg in Resources */,
				677080EF268DEFEF002831E9 /* EL_7.jpg in Resources */,
				677080A5268D4A0E002831E9 /* Double Wear.mov in Resources */,
				677080F4268DEFEF002831E9 /* EL_23.jpg in Resources */,
				677080D0268DE585002831E9 /* Screen Shot 2021-07-01 at 6.53.10 AM.png in Resources */,
				677080F1268DEFEF002831E9 /* EL_21.jpg in Resources */,
				677080D8268DEAB3002831E9 /* Screen Shot 2021-07-01 at 7.20.27 AM.png in Resources */,
				67708101268DEFEF002831E9 /* EL_4.jpg in Resources */,
				677080D4268DE961002831E9 /* Screen Shot 2021-07-01 at 7.13.42 AM.png in Resources */,
				677080CE268DE580002831E9 /* Screen Shot 2021-07-01 at 6.45.05 AM.png in Resources */,
				677080F6268DEFEF002831E9 /* EL_10.jpg in Resources */,
				677080F3268DEFEF002831E9 /* EL_13.jpg in Resources */,
				67708102268DEFEF002831E9 /* EL_17.jpg in Resources */,
				67708094268D4564002831E9 /* Assets.xcassets in Resources */,
				677080DA268DEAB8002831E9 /* Screen Shot 2021-07-01 at 7.20.35 AM.png in Resources */,
				677080D6268DEAA8002831E9 /* Screen Shot 2021-07-01 at 7.20.16 AM.png in Resources */,
				6770810C268DEFFD002831E9 /* EL_5.jpg in Resources */,
				67708112268DEFFD002831E9 /* EL_19.jpg in Resources */,
				6770810D268DEFFD002831E9 /* EL_12.jpg in Resources */,
				67708100268DEFEF002831E9 /* EL_28.jpg in Resources */,
				6770810B268DEFFD002831E9 /* EL_25.jpg in Resources */,
				67708110268DEFFD002831E9 /* EL_18.jpg in Resources */,
				6770810F268DEFFD002831E9 /* EL_11.jpg in Resources */,
				677080FC268DEFEF002831E9 /* EL_2.jpg in Resources */,
				677080FD268DEFEF002831E9 /* EL_20.jpg in Resources */,
				677080FF268DEFEF002831E9 /* EL_27.jpg in Resources */,
				677080F9268DEFEF002831E9 /* EL_8 (1).jpg in Resources */,
				677080CC268DE57A002831E9 /* Screen Shot 2021-07-01 at 6.44.52 AM.png in Resources */,
				677080FB268DEFEF002831E9 /* EL_29.jpg in Resources */,
				67708130268E0250002831E9 /* Screen Shot 2021-07-01 at 9.01.41 AM.png in Resources */,
				6770812C268E0136002831E9 /* Screen Shot 2021-07-01 at 8.56.27 AM.png in Resources */,
				67708126268DF5D8002831E9 /* Screen_Shot_2021-07-01_at_8.05.45_AM-removebg-preview copy 3.png in Resources */,
				677080F0268DEFEF002831E9 /* EL_22.jpg in Resources */,
				677080F5268DEFEF002831E9 /* EL_9.jpg in Resources */,
				677080F7268DEFEF002831E9 /* EL_16.jpg in Resources */,
				6770808F268D4560002831E9 /* Main.storyboard in Resources */,
				677080D2268DE958002831E9 /* Screen Shot 2021-07-01 at 7.12.43 AM.png in Resources */,
				67708125268DF5D8002831E9 /* Screen_Shot_2021-07-01_at_8.05.45_AM-removebg-preview.png in Resources */,
				67708120268DF549002831E9 /* Screen_Shot_2021-07-01_at_8.05.45_AM-removebg-preview.png in Resources */,
				6770811E268DF480002831E9 /* Screen_Shot_2021-07-01_at_8.01.36_AM-removebg-preview.png in Resources */,
				677080F8268DEFEF002831E9 /* EL_15.jpg in Resources */,
				677080A1268D4648002831E9 /* Screen Shot 2021-06-30 at 7.37.43 PM.png in Resources */,
				6770812E268E0137002831E9 /* Screen Shot 2021-07-01 at 8.56.22 AM.png in Resources */,
				67708111268DEFFD002831E9 /* EL_24.jpg in Resources */,
			);
			runOnlyForDeploymentPostprocessing = 0;
		};
/* End PBXResourcesBuildPhase section */

/* Begin PBXSourcesBuildPhase section */
		67708080268D4560002831E9 /* Sources */ = {
			isa = PBXSourcesBuildPhase;
			buildActionMask = 2147483647;
			files = (
				6770808C268D4560002831E9 /* ViewController.swift in Sources */,
				6770816A268E404C002831E9 /* ViewControllerView.swift in Sources */,
				67708176268E683F002831E9 /* ViewCntrollerQuizzes.swift in Sources */,
				67708177268E683F002831E9 /* VIewControllerQuiz.swift in Sources */,
				6770816B268E404C002831E9 /* ViewControllerHome.swift in Sources */,
				67708178268E683F002831E9 /* ViewControllerQuizza.swift in Sources */,
				67708092268D4560002831E9 /* Challenge.xcdatamodeld in Sources */,
				6770816C268E404C002831E9 /* ViewControllerExplore.swift in Sources */,
				67708088268D4560002831E9 /* AppDelegate.swift in Sources */,
				67708170268E4408002831E9 /* ViewControllerLife.swift in Sources */,
				6770808A268D4560002831E9 /* SceneDelegate.swift in Sources */,
			);
			runOnlyForDeploymentPostprocessing = 0;
		};
/* End PBXSourcesBuildPhase section */

/* Begin PBXVariantGroup section */
		6770808D268D4560002831E9 /* Main.storyboard */ = {
			isa = PBXVariantGroup;
			children = (
				6770808E268D4560002831E9 /* Base */,
			);
			name = Main.storyboard;
			sourceTree = "<group>";
		};
		67708095268D4564002831E9 /* LaunchScreen.storyboard */ = {
			isa = PBXVariantGroup;
			children = (
				67708096268D4564002831E9 /* Base */,
			);
			name = LaunchScreen.storyboard;
			sourceTree = "<group>";
		};
/* End PBXVariantGroup section */

/* Begin XCBuildConfiguration section */
		67708099268D4564002831E9 /* Debug */ = {
			isa = XCBuildConfiguration;
			buildSettings = {
				ALWAYS_SEARCH_USER_PATHS = NO;
				CLANG_ANALYZER_NONNULL = YES;
				CLANG_ANALYZER_NUMBER_OBJECT_CONVERSION = YES_AGGRESSIVE;
				CLANG_CXX_LANGUAGE_STANDARD = "gnu++14";
				CLANG_CXX_LIBRARY = "libc++";
				CLANG_ENABLE_MODULES = YES;
				CLANG_ENABLE_OBJC_ARC = YES;
				CLANG_ENABLE_OBJC_WEAK = YES;
				CLANG_WARN_BLOCK_CAPTURE_AUTORELEASING = YES;
				CLANG_WARN_BOOL_CONVERSION = YES;
				CLANG_WARN_COMMA = YES;
				CLANG_WARN_CONSTANT_CONVERSION = YES;
				CLANG_WARN_DEPRECATED_OBJC_IMPLEMENTATIONS = YES;
				CLANG_WARN_DIRECT_OBJC_ISA_USAGE = YES_ERROR;
				CLANG_WARN_DOCUMENTATION_COMMENTS = YES;
				CLANG_WARN_EMPTY_BODY = YES;
				CLANG_WARN_ENUM_CONVERSION = YES;
				CLANG_WARN_INFINITE_RECURSION = YES;
				CLANG_WARN_INT_CONVERSION = YES;
				CLANG_WARN_NON_LITERAL_NULL_CONVERSION = YES;
				CLANG_WARN_OBJC_IMPLICIT_RETAIN_SELF = YES;
				CLANG_WARN_OBJC_LITERAL_CONVERSION = YES;
				CLANG_WARN_OBJC_ROOT_CLASS = YES_ERROR;
				CLANG_WARN_QUOTED_INCLUDE_IN_FRAMEWORK_HEADER = YES;
				CLANG_WARN_RANGE_LOOP_ANALYSIS = YES;
				CLANG_WARN_STRICT_PROTOTYPES = YES;
				CLANG_WARN_SUSPICIOUS_MOVE = YES;
				CLANG_WARN_UNGUARDED_AVAILABILITY = YES_AGGRESSIVE;
				CLANG_WARN_UNREACHABLE_CODE = YES;
				CLANG_WARN__DUPLICATE_METHOD_MATCH = YES;
				COPY_PHASE_STRIP = NO;
				DEBUG_INFORMATION_FORMAT = dwarf;
				ENABLE_STRICT_OBJC_MSGSEND = YES;
				ENABLE_TESTABILITY = YES;
				GCC_C_LANGUAGE_STANDARD = gnu11;
				GCC_DYNAMIC_NO_PIC = NO;
				GCC_NO_COMMON_BLOCKS = YES;
				GCC_OPTIMIZATION_LEVEL = 0;
				GCC_PREPROCESSOR_DEFINITIONS = (
					"DEBUG=1",
					"$(inherited)",
				);
				GCC_WARN_64_TO_32_BIT_CONVERSION = YES;
				GCC_WARN_ABOUT_RETURN_TYPE = YES_ERROR;
				GCC_WARN_UNDECLARED_SELECTOR = YES;
				GCC_WARN_UNINITIALIZED_AUTOS = YES_AGGRESSIVE;
				GCC_WARN_UNUSED_FUNCTION = YES;
				GCC_WARN_UNUSED_VARIABLE = YES;
				IPHONEOS_DEPLOYMENT_TARGET = 14.5;
				MTL_ENABLE_DEBUG_INFO = INCLUDE_SOURCE;
				MTL_FAST_MATH = YES;
				ONLY_ACTIVE_ARCH = YES;
				SDKROOT = iphoneos;
				SWIFT_ACTIVE_COMPILATION_CONDITIONS = DEBUG;
				SWIFT_OPTIMIZATION_LEVEL = "-Onone";
			};
			name = Debug;
		};
		6770809A268D4564002831E9 /* Release */ = {
			isa = XCBuildConfiguration;
			buildSettings = {
				ALWAYS_SEARCH_USER_PATHS = NO;
				CLANG_ANALYZER_NONNULL = YES;
				CLANG_ANALYZER_NUMBER_OBJECT_CONVERSION = YES_AGGRESSIVE;
				CLANG_CXX_LANGUAGE_STANDARD = "gnu++14";
				CLANG_CXX_LIBRARY = "libc++";
				CLANG_ENABLE_MODULES = YES;
				CLANG_ENABLE_OBJC_ARC = YES;
				CLANG_ENABLE_OBJC_WEAK = YES;
				CLANG_WARN_BLOCK_CAPTURE_AUTORELEASING = YES;
				CLANG_WARN_BOOL_CONVERSION = YES;
				CLANG_WARN_COMMA = YES;
				CLANG_WARN_CONSTANT_CONVERSION = YES;
				CLANG_WARN_DEPRECATED_OBJC_IMPLEMENTATIONS = YES;
				CLANG_WARN_DIRECT_OBJC_ISA_USAGE = YES_ERROR;
				CLANG_WARN_DOCUMENTATION_COMMENTS = YES;
				CLANG_WARN_EMPTY_BODY = YES;
				CLANG_WARN_ENUM_CONVERSION = YES;
				CLANG_WARN_INFINITE_RECURSION = YES;
				CLANG_WARN_INT_CONVERSION = YES;
				CLANG_WARN_NON_LITERAL_NULL_CONVERSION = YES;
				CLANG_WARN_OBJC_IMPLICIT_RETAIN_SELF = YES;
				CLANG_WARN_OBJC_LITERAL_CONVERSION = YES;
				CLANG_WARN_OBJC_ROOT_CLASS = YES_ERROR;
				CLANG_WARN_QUOTED_INCLUDE_IN_FRAMEWORK_HEADER = YES;
				CLANG_WARN_RANGE_LOOP_ANALYSIS = YES;
				CLANG_WARN_STRICT_PROTOTYPES = YES;
				CLANG_WARN_SUSPICIOUS_MOVE = YES;
				CLANG_WARN_UNGUARDED_AVAILABILITY = YES_AGGRESSIVE;
				CLANG_WARN_UNREACHABLE_CODE = YES;
				CLANG_WARN__DUPLICATE_METHOD_MATCH = YES;
				COPY_PHASE_STRIP = NO;
				DEBUG_INFORMATION_FORMAT = "dwarf-with-dsym";
				ENABLE_NS_ASSERTIONS = NO;
				ENABLE_STRICT_OBJC_MSGSEND = YES;
				GCC_C_LANGUAGE_STANDARD = gnu11;
				GCC_NO_COMMON_BLOCKS = YES;
				GCC_WARN_64_TO_32_BIT_CONVERSION = YES;
				GCC_WARN_ABOUT_RETURN_TYPE = YES_ERROR;
				GCC_WARN_UNDECLARED_SELECTOR = YES;
				GCC_WARN_UNINITIALIZED_AUTOS = YES_AGGRESSIVE;
				GCC_WARN_UNUSED_FUNCTION = YES;
				GCC_WARN_UNUSED_VARIABLE = YES;
				IPHONEOS_DEPLOYMENT_TARGET = 14.5;
				MTL_ENABLE_DEBUG_INFO = NO;
				MTL_FAST_MATH = YES;
				SDKROOT = iphoneos;
				SWIFT_COMPILATION_MODE = wholemodule;
				SWIFT_OPTIMIZATION_LEVEL = "-O";
				VALIDATE_PRODUCT = YES;
			};
			name = Release;
		};
		6770809C268D4564002831E9 /* Debug */ = {
			isa = XCBuildConfiguration;
			buildSettings = {
				ASSETCATALOG_COMPILER_APPICON_NAME = AppIcon;
				ASSETCATALOG_COMPILER_GLOBAL_ACCENT_COLOR_NAME = AccentColor;
				CODE_SIGN_STYLE = Automatic;
				DEVELOPMENT_TEAM = 7R435ZFR8R;
				INFOPLIST_FILE = Challenge/Info.plist;
				LD_RUNPATH_SEARCH_PATHS = (
					"$(inherited)",
					"@executable_path/Frameworks",
				);
				PRODUCT_BUNDLE_IDENTIFIER = NA.Challenge;
				PRODUCT_NAME = "$(TARGET_NAME)";
				SWIFT_VERSION = 5.0;
				TARGETED_DEVICE_FAMILY = "1,2";
			};
			name = Debug;
		};
		6770809D268D4564002831E9 /* Release */ = {
			isa = XCBuildConfiguration;
			buildSettings = {
				ASSETCATALOG_COMPILER_APPICON_NAME = AppIcon;
				ASSETCATALOG_COMPILER_GLOBAL_ACCENT_COLOR_NAME = AccentColor;
				CODE_SIGN_STYLE = Automatic;
				DEVELOPMENT_TEAM = 7R435ZFR8R;
				INFOPLIST_FILE = Challenge/Info.plist;
				LD_RUNPATH_SEARCH_PATHS = (
					"$(inherited)",
					"@executable_path/Frameworks",
				);
				PRODUCT_BUNDLE_IDENTIFIER = NA.Challenge;
				PRODUCT_NAME = "$(TARGET_NAME)";
				SWIFT_VERSION = 5.0;
				TARGETED_DEVICE_FAMILY = "1,2";
			};
			name = Release;
		};
/* End XCBuildConfiguration section */

/* Begin XCConfigurationList section */
		6770807F268D4560002831E9 /* Build configuration list for PBXProject "Challenge" */ = {
			isa = XCConfigurationList;
			buildConfigurations = (
				67708099268D4564002831E9 /* Debug */,
				6770809A268D4564002831E9 /* Release */,
			);
			defaultConfigurationIsVisible = 0;
			defaultConfigurationName = Release;
		};
		6770809B268D4564002831E9 /* Build configuration list for PBXNativeTarget "Challenge" */ = {
			isa = XCConfigurationList;
			buildConfigurations = (
				6770809C268D4564002831E9 /* Debug */,
				6770809D268D4564002831E9 /* Release */,
			);
			defaultConfigurationIsVisible = 0;
			defaultConfigurationName = Release;
		};
/* End XCConfigurationList section */

/* Begin XCVersionGroup section */
		67708090268D4560002831E9 /* Challenge.xcdatamodeld */ = {
			isa = XCVersionGroup;
			children = (
				67708091268D4560002831E9 /* Challenge.xcdatamodel */,
			);
			currentVersion = 67708091268D4560002831E9 /* Challenge.xcdatamodel */;
			path = Challenge.xcdatamodeld;
			sourceTree = "<group>";
			versionGroupType = wrapper.xcdatamodel;
		};
/* End XCVersionGroup section */
	};
	rootObject = 6770807C268D4560002831E9 /* Project object */;
}
